
Microsoft Visual Studio Solution File, Format Version 12.00
# Visual Studio Version 16
VisualStudioVersion = 16.0.32002.261
MinimumVisualStudioVersion = 10.0.40219.1
Project("{9A19103F-16F7-4668-BE54-9A1E7A4F7556}") = "1000", "1000\1000.csproj", "{BA9EDEBE-5DD4-4EF1-B5E3-68B81B67D769}"
EndProject
Project("{9A19103F-16F7-4668-BE54-9A1E7A4F7556}") = "1001", "1001\1001.csproj", "{014D645D-5D08-4338-9FE0-50DF0DD807F3}"
EndProject
Project("{9A19103F-16F7-4668-BE54-9A1E7A4F7556}") = "1002", "1002\1002.csproj", "{DE05B6A3-6505-48A2-A0DB-4D7DB4697EBC}"
EndProject
Project("{9A19103F-16F7-4668-BE54-9A1E7A4F7556}") = "1003", "1003\1003.csproj", "{8A462E6F-C2A4-48D3-A1D4-9860D2BE4926}"
EndProject
Project("{9A19103F-16F7-4668-BE54-9A1E7A4F7556}") = "1004", "1004\1004.csproj", "{0B2988D8-89DB-4470-9CEA-EC693F1E95EF}"
EndProject
Project("{9A19103F-16F7-4668-BE54-9A1E7A4F7556}") = "1005", "1005\1005.csproj", "{D4B2AE5B-4285-4CE4-B84A-6C196ADA91B5}"
EndProject
Project("{9A19103F-16F7-4668-BE54-9A1E7A4F7556}") = "1006", "1006\1006.csproj", "{29261B76-AAE2-44A5-82B9-F4F71679C806}"
EndProject
Project("{9A19103F-16F7-4668-BE54-9A1E7A4F7556}") = "1007", "1007\1007.csproj", "{38F6F3CE-DA66-4C2D-9E9A-5DFE6F6BFDBB}"
EndProject
Project("{9A19103F-16F7-4668-BE54-9A1E7A4F7556}") = "1008", "1008\1008.csproj", "{EC3A1F4C-6A7F-433E-8784-AF37B5C140C2}"
EndProject
Project("{9A19103F-16F7-4668-BE54-9A1E7A4F7556}") = "1009", "1009\1009.csproj", "{9FDBD3A1-5676-4FA1-9FAD-69DB6589B113}"
EndProject
Project("{9A19103F-16F7-4668-BE54-9A1E7A4F7556}") = "1010", "1010\1010.csproj", "{C3B4332A-94BE-45F2-9FA4-2837D6FB86D6}"
EndProject
Project("{9A19103F-16F7-4668-BE54-9A1E7A4F7556}") = "1011", "1011\1011.csproj", "{7ED4CBA7-04E1-4330-833F-94B904BF9AD1}"
EndProject
Project("{9A19103F-16F7-4668-BE54-9A1E7A4F7556}") = "1012", "1012\1012.csproj", "{E7E03D49-9BD7-4FAC-89D1-09ED77AD02AA}"
EndProject
Project("{9A19103F-16F7-4668-BE54-9A1E7A4F7556}") = "1013", "1013\1013.csproj", "{8C931021-AD92-4B18-B26F-E5A490ED3097}"
EndProject
Project("{9A19103F-16F7-4668-BE54-9A1E7A4F7556}") = "1014", "1014\1014.csproj", "{D890984A-AFE9-4950-99BF-3B5003B151B1}"
EndProject
Project("{FAE04EC0-301F-11D3-BF4B-00C04F79EFBC}") = "1015", "1015\1015.csproj", "{D5583DBB-B154-46FF-A43A-3CD08E59F0C2}"
EndProject
Global
	GlobalSection(SolutionConfigurationPlatforms) = preSolution
		Debug|Any CPU = Debug|Any CPU
		Release|Any CPU = Release|Any CPU
	EndGlobalSection
	GlobalSection(ProjectConfigurationPlatforms) = postSolution
		{BA9EDEBE-5DD4-4EF1-B5E3-68B81B67D769}.Debug|Any CPU.ActiveCfg = Debug|Any CPU
		{BA9EDEBE-5DD4-4EF1-B5E3-68B81B67D769}.Debug|Any CPU.Build.0 = Debug|Any CPU
		{BA9EDEBE-5DD4-4EF1-B5E3-68B81B67D769}.Release|Any CPU.ActiveCfg = Release|Any CPU
		{BA9EDEBE-5DD4-4EF1-B5E3-68B81B67D769}.Release|Any CPU.Build.0 = Release|Any CPU
		{014D645D-5D08-4338-9FE0-50DF0DD807F3}.Debug|Any CPU.ActiveCfg = Debug|Any CPU
		{014D645D-5D08-4338-9FE0-50DF0DD807F3}.Debug|Any CPU.Build.0 = Debug|Any CPU
		{014D645D-5D08-4338-9FE0-50DF0DD807F3}.Release|Any CPU.ActiveCfg = Release|Any CPU
		{014D645D-5D08-4338-9FE0-50DF0DD807F3}.Release|Any CPU.Build.0 = Release|Any CPU
		{DE05B6A3-6505-48A2-A0DB-4D7DB4697EBC}.Debug|Any CPU.ActiveCfg = Debug|Any CPU
		{DE05B6A3-6505-48A2-A0DB-4D7DB4697EBC}.Debug|Any CPU.Build.0 = Debug|Any CPU
		{DE05B6A3-6505-48A2-A0DB-4D7DB4697EBC}.Release|Any CPU.ActiveCfg = Release|Any CPU
		{DE05B6A3-6505-48A2-A0DB-4D7DB4697EBC}.Release|Any CPU.Build.0 = Release|Any CPU
		{8A462E6F-C2A4-48D3-A1D4-9860D2BE4926}.Debug|Any CPU.ActiveCfg = Debug|Any CPU
		{8A462E6F-C2A4-48D3-A1D4-9860D2BE4926}.Debug|Any CPU.Build.0 = Debug|Any CPU
		{8A462E6F-C2A4-48D3-A1D4-9860D2BE4926}.Release|Any CPU.ActiveCfg = Release|Any CPU
		{8A462E6F-C2A4-48D3-A1D4-9860D2BE4926}.Release|Any CPU.Build.0 = Release|Any CPU
		{0B2988D8-89DB-4470-9CEA-EC693F1E95EF}.Debug|Any CPU.ActiveCfg = Debug|Any CPU
		{0B2988D8-89DB-4470-9CEA-EC693F1E95EF}.Debug|Any CPU.Build.0 = Debug|Any CPU
		{0B2988D8-89DB-4470-9CEA-EC693F1E95EF}.Release|Any CPU.ActiveCfg = Release|Any CPU
		{0B2988D8-89DB-4470-9CEA-EC693F1E95EF}.Release|Any CPU.Build.0 = Release|Any CPU
		{D4B2AE5B-4285-4CE4-B84A-6C196ADA91B5}.Debug|Any CPU.ActiveCfg = Debug|Any CPU
		{D4B2AE5B-4285-4CE4-B84A-6C196ADA91B5}.Debug|Any CPU.Build.0 = Debug|Any CPU
		{D4B2AE5B-4285-4CE4-B84A-6C196ADA91B5}.Release|Any CPU.ActiveCfg = Release|Any CPU
		{D4B2AE5B-4285-4CE4-B84A-6C196ADA91B5}.Release|Any CPU.Build.0 = Release|Any CPU
		{29261B76-AAE2-44A5-82B9-F4F71679C806}.Debug|Any CPU.ActiveCfg = Debug|Any CPU
		{29261B76-AAE2-44A5-82B9-F4F71679C806}.Debug|Any CPU.Build.0 = Debug|Any CPU
		{29261B76-AAE2-44A5-82B9-F4F71679C806}.Release|Any CPU.ActiveCfg = Release|Any CPU
		{29261B76-AAE2-44A5-82B9-F4F71679C806}.Release|Any CPU.Build.0 = Release|Any CPU
		{38F6F3CE-DA66-4C2D-9E9A-5DFE6F6BFDBB}.Debug|Any CPU.ActiveCfg = Debug|Any CPU
		{38F6F3CE-DA66-4C2D-9E9A-5DFE6F6BFDBB}.Debug|Any CPU.Build.0 = Debug|Any CPU
		{38F6F3CE-DA66-4C2D-9E9A-5DFE6F6BFDBB}.Release|Any CPU.ActiveCfg = Release|Any CPU
		{38F6F3CE-DA66-4C2D-9E9A-5DFE6F6BFDBB}.Release|Any CPU.Build.0 = Release|Any CPU
		{EC3A1F4C-6A7F-433E-8784-AF37B5C140C2}.Debug|Any CPU.ActiveCfg = Debug|Any CPU
		{EC3A1F4C-6A7F-433E-8784-AF37B5C140C2}.Debug|Any CPU.Build.0 = Debug|Any CPU
		{EC3A1F4C-6A7F-433E-8784-AF37B5C140C2}.Release|Any CPU.ActiveCfg = Release|Any CPU
		{EC3A1F4C-6A7F-433E-8784-AF37B5C140C2}.Release|Any CPU.Build.0 = Release|Any CPU
		{9FDBD3A1-5676-4FA1-9FAD-69DB6589B113}.Debug|Any CPU.ActiveCfg = Debug|Any CPU
		{9FDBD3A1-5676-4FA1-9FAD-69DB6589B113}.Debug|Any CPU.Build.0 = Debug|Any CPU
		{9FDBD3A1-5676-4FA1-9FAD-69DB6589B113}.Release|Any CPU.ActiveCfg = Release|Any CPU
		{9FDBD3A1-5676-4FA1-9FAD-69DB6589B113}.Release|Any CPU.Build.0 = Release|Any CPU
		{C3B4332A-94BE-45F2-9FA4-2837D6FB86D6}.Debug|Any CPU.ActiveCfg = Debug|Any CPU
		{C3B4332A-94BE-45F2-9FA4-2837D6FB86D6}.Debug|Any CPU.Build.0 = Debug|Any CPU
		{C3B4332A-94BE-45F2-9FA4-2837D6FB86D6}.Release|Any CPU.ActiveCfg = Release|Any CPU
		{C3B4332A-94BE-45F2-9FA4-2837D6FB86D6}.Release|Any CPU.Build.0 = Release|Any CPU
		{7ED4CBA7-04E1-4330-833F-94B904BF9AD1}.Debug|Any CPU.ActiveCfg = Debug|Any CPU
		{7ED4CBA7-04E1-4330-833F-94B904BF9AD1}.Debug|Any CPU.Build.0 = Debug|Any CPU
		{7ED4CBA7-04E1-4330-833F-94B904BF9AD1}.Release|Any CPU.ActiveCfg = Release|Any CPU
		{7ED4CBA7-04E1-4330-833F-94B904BF9AD1}.Release|Any CPU.Build.0 = Release|Any CPU
		{E7E03D49-9BD7-4FAC-89D1-09ED77AD02AA}.Debug|Any CPU.ActiveCfg = Debug|Any CPU
		{E7E03D49-9BD7-4FAC-89D1-09ED77AD02AA}.Debug|Any CPU.Build.0 = Debug|Any CPU
		{E7E03D49-9BD7-4FAC-89D1-09ED77AD02AA}.Release|Any CPU.ActiveCfg = Release|Any CPU
		{E7E03D49-9BD7-4FAC-89D1-09ED77AD02AA}.Release|Any CPU.Build.0 = Release|Any CPU
		{8C931021-AD92-4B18-B26F-E5A490ED3097}.Debug|Any CPU.ActiveCfg = Debug|Any CPU
		{8C931021-AD92-4B18-B26F-E5A490ED3097}.Debug|Any CPU.Build.0 = Debug|Any CPU
		{8C931021-AD92-4B18-B26F-E5A490ED3097}.Release|Any CPU.ActiveCfg = Release|Any CPU
		{8C931021-AD92-4B18-B26F-E5A490ED3097}.Release|Any CPU.Build.0 = Release|Any CPU
		{D890984A-AFE9-4950-99BF-3B5003B151B1}.Debug|Any CPU.ActiveCfg = Debug|Any CPU
		{D890984A-AFE9-4950-99BF-3B5003B151B1}.Debug|Any CPU.Build.0 = Debug|Any CPU
		{D890984A-AFE9-4950-99BF-3B5003B151B1}.Release|Any CPU.ActiveCfg = Release|Any CPU
		{D890984A-AFE9-4950-99BF-3B5003B151B1}.Release|Any CPU.Build.0 = Release|Any CPU
		{D5583DBB-B154-46FF-A43A-3CD08E59F0C2}.Debug|Any CPU.ActiveCfg = Debug|Any CPU
		{D5583DBB-B154-46FF-A43A-3CD08E59F0C2}.Debug|Any CPU.Build.0 = Debug|Any CPU
		{D5583DBB-B154-46FF-A43A-3CD08E59F0C2}.Release|Any CPU.ActiveCfg = Release|Any CPU
		{D5583DBB-B154-46FF-A43A-3CD08E59F0C2}.Release|Any CPU.Build.0 = Release|Any CPU
	EndGlobalSection
	GlobalSection(SolutionProperties) = preSolution
		HideSolutionNode = FALSE
	EndGlobalSection
	GlobalSection(ExtensibilityGlobals) = postSolution
		SolutionGuid = {E3725FA0-25F8-4114-AF3E-7EA23B85BBAB}
	EndGlobalSection
EndGlobal
